
Microsoft Visual Studio Solution File, Format Version 12.00
# Visual Studio Version 17
VisualStudioVersion = 17.9.34616.47
MinimumVisualStudioVersion = 10.0.40219.1
Project("{8BC9CEB8-8B4A-11D0-8D11-00A0C91BC942}") = "PointerrdanFriendclass_0196", "PointerrdanFriendclass_0196\PointerrdanFriendclass_0196.vcxproj", "{C118DE6D-BAAF-49AC-87A0-4D5E35C5D5B9}"
EndProject
Project("{8BC9CEB8-8B4A-11D0-8D11-00A0C91BC942}") = "project 2", "project 2\project 2.vcxproj", "{B27B90AC-5122-40FD-81AF-E86CF73C00BC}"
EndProject
Project("{8BC9CEB8-8B4A-11D0-8D11-00A0C91BC942}") = "project 3", "project 3\project 3.vcxproj", "{3C3BA35D-5F4A-40CA-9944-4784A878554A}"
EndProject
Project("{8BC9CEB8-8B4A-11D0-8D11-00A0C91BC942}") = "project 4", "project 4\project 4.vcxproj", "{356B8656-5A7E-43DA-8458-117C8C5DBFB8}"
EndProject
Project("{8BC9CEB8-8B4A-11D0-8D11-00A0C91BC942}") = "project 5", "project 5\project 5.vcxproj", "{ABC00A70-2C07-4AD9-8ECE-CD141E2596BE}"
EndProject
Global
	GlobalSection(SolutionConfigurationPlatforms) = preSolution
		Debug|x64 = Debug|x64
		Debug|x86 = Debug|x86
		Release|x64 = Release|x64
		Release|x86 = Release|x86
	EndGlobalSection
	GlobalSection(ProjectConfigurationPlatforms) = postSolution
		{C118DE6D-BAAF-49AC-87A0-4D5E35C5D5B9}.Debug|x64.ActiveCfg = Debug|x64
		{C118DE6D-BAAF-49AC-87A0-4D5E35C5D5B9}.Debug|x64.Build.0 = Debug|x64
		{C118DE6D-BAAF-49AC-87A0-4D5E35C5D5B9}.Debug|x86.ActiveCfg = Debug|Win32
		{C118DE6D-BAAF-49AC-87A0-4D5E35C5D5B9}.Debug|x86.Build.0 = Debug|Win32
		{C118DE6D-BAAF-49AC-87A0-4D5E35C5D5B9}.Release|x64.ActiveCfg = Release|x64
		{C118DE6D-BAAF-49AC-87A0-4D5E35C5D5B9}.Release|x64.Build.0 = Release|x64
		{C118DE6D-BAAF-49AC-87A0-4D5E35C5D5B9}.Release|x86.ActiveCfg = Release|Win32
		{C118DE6D-BAAF-49AC-87A0-4D5E35C5D5B9}.Release|x86.Build.0 = Release|Win32
		{B27B90AC-5122-40FD-81AF-E86CF73C00BC}.Debug|x64.ActiveCfg = Debug|x64
		{B27B90AC-5122-40FD-81AF-E86CF73C00BC}.Debug|x64.Build.0 = Debug|x64
		{B27B90AC-5122-40FD-81AF-E86CF73C00BC}.Debug|x86.ActiveCfg = Debug|Win32
		{B27B90AC-5122-40FD-81AF-E86CF73C00BC}.Debug|x86.Build.0 = Debug|Win32
		{B27B90AC-5122-40FD-81AF-E86CF73C00BC}.Release|x64.ActiveCfg = Release|x64
		{B27B90AC-5122-40FD-81AF-E86CF73C00BC}.Release|x64.Build.0 = Release|x64
		{B27B90AC-5122-40FD-81AF-E86CF73C00BC}.Release|x86.ActiveCfg = Release|Win32
		{B27B90AC-5122-40FD-81AF-E86CF73C00BC}.Release|x86.Build.0 = Release|Win32
		{3C3BA35D-5F4A-40CA-9944-4784A878554A}.Debug|x64.ActiveCfg = Debug|x64
		{3C3BA35D-5F4A-40CA-9944-4784A878554A}.Debug|x64.Build.0 = Debug|x64
		{3C3BA35D-5F4A-40CA-9944-4784A878554A}.Debug|x86.ActiveCfg = Debug|Win32
		{3C3BA35D-5F4A-40CA-9944-4784A878554A}.Debug|x86.Build.0 = Debug|Win32
		{3C3BA35D-5F4A-40CA-9944-4784A878554A}.Release|x64.ActiveCfg = Release|x64
		{3C3BA35D-5F4A-40CA-9944-4784A878554A}.Release|x64.Build.0 = Release|x64
		{3C3BA35D-5F4A-40CA-9944-4784A878554A}.Release|x86.ActiveCfg = Release|Win32
		{3C3BA35D-5F4A-40CA-9944-4784A878554A}.Release|x86.Build.0 = Release|Win32
		{356B8656-5A7E-43DA-8458-117C8C5DBFB8}.Debug|x64.ActiveCfg = Debug|x64
		{356B8656-5A7E-43DA-8458-117C8C5DBFB8}.Debug|x64.Build.0 = Debug|x64
		{356B8656-5A7E-43DA-8458-117C8C5DBFB8}.Debug|x86.ActiveCfg = Debug|Win32
		{356B8656-5A7E-43DA-8458-117C8C5DBFB8}.Debug|x86.Build.0 = Debug|Win32
		{356B8656-5A7E-43DA-8458-117C8C5DBFB8}.Release|x64.ActiveCfg = Release|x64
		{356B8656-5A7E-43DA-8458-117C8C5DBFB8}.Release|x64.Build.0 = Release|x64
		{356B8656-5A7E-43DA-8458-117C8C5DBFB8}.Release|x86.ActiveCfg = Release|Win32
		{356B8656-5A7E-43DA-8458-117C8C5DBFB8}.Release|x86.Build.0 = Release|Win32
		{ABC00A70-2C07-4AD9-8ECE-CD141E2596BE}.Debug|x64.ActiveCfg = Debug|x64
		{ABC00A70-2C07-4AD9-8ECE-CD141E2596BE}.Debug|x64.Build.0 = Debug|x64
		{ABC00A70-2C07-4AD9-8ECE-CD141E2596BE}.Debug|x86.ActiveCfg = Debug|Win32
		{ABC00A70-2C07-4AD9-8ECE-CD141E2596BE}.Debug|x86.Build.0 = Debug|Win32
		{ABC00A70-2C07-4AD9-8ECE-CD141E2596BE}.Release|x64.ActiveCfg = Release|x64
		{ABC00A70-2C07-4AD9-8ECE-CD141E2596BE}.Release|x64.Build.0 = Release|x64
		{ABC00A70-2C07-4AD9-8ECE-CD141E2596BE}.Release|x86.ActiveCfg = Release|Win32
		{ABC00A70-2C07-4AD9-8ECE-CD141E2596BE}.Release|x86.Build.0 = Release|Win32
	EndGlobalSection
	GlobalSection(SolutionProperties) = preSolution
		HideSolutionNode = FALSE
	EndGlobalSection
	GlobalSection(ExtensibilityGlobals) = postSolution
		SolutionGuid = {00E93C8C-E9F2-43F3-8C39-C9A9899F00F8}
	EndGlobalSection
EndGlobal
